// !$*UTF8*$!
{
	archiveVersion = 1;
	classes = {
	};
	objectVersion = 46;
	objects = {

/* Begin PBXBuildFile section */
		69890CE81B5DDA3900835A68 /* main.m in Sources */ = {isa = PBXBuildFile; fileRef = 69890CE71B5DDA3900835A68 /* main.m */; };
		69890CEB1B5DDA3900835A68 /* AppDelegate.m in Sources */ = {isa = PBXBuildFile; fileRef = 69890CEA1B5DDA3900835A68 /* AppDelegate.m */; };
		69890CEE1B5DDA3900835A68 /* ViewController.m in Sources */ = {isa = PBXBuildFile; fileRef = 69890CED1B5DDA3900835A68 /* ViewController.m */; };
		69890CF11B5DDA3900835A68 /* Main.storyboard in Resources */ = {isa = PBXBuildFile; fileRef = 69890CEF1B5DDA3900835A68 /* Main.storyboard */; };
		69890CF31B5DDA3900835A68 /* Images.xcassets in Resources */ = {isa = PBXBuildFile; fileRef = 69890CF21B5DDA3900835A68 /* Images.xcassets */; };
		69890CF61B5DDA3900835A68 /* LaunchScreen.xib in Resources */ = {isa = PBXBuildFile; fileRef = 69890CF41B5DDA3900835A68 /* LaunchScreen.xib */; };
		69890D021B5DDA3900835A68 /* UserDefaultsSampleTests.m in Sources */ = {isa = PBXBuildFile; fileRef = 69890D011B5DDA3900835A68 /* UserDefaultsSampleTests.m */; };
		69890D0C1B5E034F00835A68 /* Settings.bundle in Resources */ = {isa = PBXBuildFile; fileRef = 69890D0B1B5E034F00835A68 /* Settings.bundle */; };
/* End PBXBuildFile section */

/* Begin PBXContainerItemProxy section */
		69890CFC1B5DDA3900835A68 /* PBXContainerItemProxy */ = {
			isa = PBXContainerItemProxy;
			containerPortal = 69890CDA1B5DDA3900835A68 /* Project object */;
			proxyType = 1;
			remoteGlobalIDString = 69890CE11B5DDA3900835A68;
			remoteInfo = UserDefaultsSample;
		};
/* End PBXContainerItemProxy section */

/* Begin PBXFileReference section */
		69890CE21B5DDA3900835A68 /* UserDefaultsSample.app */ = {isa = PBXFileReference; explicitFileType = wrapper.application; includeInIndex = 0; path = UserDefaultsSample.app; sourceTree = BUILT_PRODUCTS_DIR; };
		69890CE61B5DDA3900835A68 /* Info.plist */ = {isa = PBXFileReference; lastKnownFileType = text.plist.xml; path = Info.plist; sourceTree = "<group>"; };
		69890CE71B5DDA3900835A68 /* main.m */ = {isa = PBXFileReference; lastKnownFileType = sourcecode.c.objc; path = main.m; sourceTree = "<group>"; };
		69890CE91B5DDA3900835A68 /* AppDelegate.h */ = {isa = PBXFileReference; lastKnownFileType = sourcecode.c.h; path = AppDelegate.h; sourceTree = "<group>"; };
		69890CEA1B5DDA3900835A68 /* AppDelegate.m */ = {isa = PBXFileReference; lastKnownFileType = sourcecode.c.objc; path = AppDelegate.m; sourceTree = "<group>"; };
		69890CEC1B5DDA3900835A68 /* ViewController.h */ = {isa = PBXFileReference; lastKnownFileType = sourcecode.c.h; path = ViewController.h; sourceTree = "<group>"; };
		69890CED1B5DDA3900835A68 /* ViewController.m */ = {isa = PBXFileReference; lastKnownFileType = sourcecode.c.objc; path = ViewController.m; sourceTree = "<group>"; };
		69890CF01B5DDA3900835A68 /* Base */ = {isa = PBXFileReference; lastKnownFileType = file.storyboard; name = Base; path = Base.lproj/Main.storyboard; sourceTree = "<group>"; };
		69890CF21B5DDA3900835A68 /* Images.xcassets */ = {isa = PBXFileReference; lastKnownFileType = folder.assetcatalog; path = Images.xcassets; sourceTree = "<group>"; };
		69890CF51B5DDA3900835A68 /* Base */ = {isa = PBXFileReference; lastKnownFileType = file.xib; name = Base; path = Base.lproj/LaunchScreen.xib; sourceTree = "<group>"; };
		69890CFB1B5DDA3900835A68 /* UserDefaultsSampleTests.xctest */ = {isa = PBXFileReference; explicitFileType = wrapper.cfbundle; includeInIndex = 0; path = UserDefaultsSampleTests.xctest; sourceTree = BUILT_PRODUCTS_DIR; };
		69890D001B5DDA3900835A68 /* Info.plist */ = {isa = PBXFileReference; lastKnownFileType = text.plist.xml; path = Info.plist; sourceTree = "<group>"; };
		69890D011B5DDA3900835A68 /* UserDefaultsSampleTests.m */ = {isa = PBXFileReference; lastKnownFileType = sourcecode.c.objc; path = UserDefaultsSampleTests.m; sourceTree = "<group>"; };
		69890D0B1B5E034F00835A68 /* Settings.bundle */ = {isa = PBXFileReference; lastKnownFileType = "wrapper.plug-in"; path = Settings.bundle; sourceTree = "<group>"; };
/* End PBXFileReference section */

/* Begin PBXFrameworksBuildPhase section */
		69890CDF1B5DDA3900835A68 /* Frameworks */ = {
			isa = PBXFrameworksBuildPhase;
			buildActionMask = 2147483647;
			files = (
			);
			runOnlyForDeploymentPostprocessing = 0;
		};
		69890CF81B5DDA3900835A68 /* Frameworks */ = {
			isa = PBXFrameworksBuildPhase;
			buildActionMask = 2147483647;
			files = (
			);
			runOnlyForDeploymentPostprocessing = 0;
		};
/* End PBXFrameworksBuildPhase section */

/* Begin PBXGroup section */
		69890CD91B5DDA3900835A68 = {
			isa = PBXGroup;
			children = (
				69890CE41B5DDA3900835A68 /* UserDefaultsSample */,
				69890CFE1B5DDA3900835A68 /* UserDefaultsSampleTests */,
				69890CE31B5DDA3900835A68 /* Products */,
			);
			sourceTree = "<group>";
		};
		69890CE31B5DDA3900835A68 /* Products */ = {
			isa = PBXGroup;
			children = (
				69890CE21B5DDA3900835A68 /* UserDefaultsSample.app */,
				69890CFB1B5DDA3900835A68 /* UserDefaultsSampleTests.xctest */,
			);
			name = Products;
			sourceTree = "<group>";
		};
		69890CE41B5DDA3900835A68 /* UserDefaultsSample */ = {
			isa = PBXGroup;
			children = (
				69890CE91B5DDA3900835A68 /* AppDelegate.h */,
				69890CEA1B5DDA3900835A68 /* AppDelegate.m */,
				69890CEC1B5DDA3900835A68 /* ViewController.h */,
				69890CED1B5DDA3900835A68 /* ViewController.m */,
				69890CEF1B5DDA3900835A68 /* Main.storyboard */,
				69890CF21B5DDA3900835A68 /* Images.xcassets */,
				69890CF41B5DDA3900835A68 /* LaunchScreen.xib */,
				69890CE51B5DDA3900835A68 /* Supporting Files */,
				69890D0B1B5E034F00835A68 /* Settings.bundle */,
			);
			path = UserDefaultsSample;
			sourceTree = "<group>";
		};
		69890CE51B5DDA3900835A68 /* Supporting Files */ = {
			isa = PBXGroup;
			children = (
				69890CE61B5DDA3900835A68 /* Info.plist */,
				69890CE71B5DDA3900835A68 /* main.m */,
			);
			name = "Supporting Files";
			sourceTree = "<group>";
		};
		69890CFE1B5DDA3900835A68 /* UserDefaultsSampleTests */ = {
			isa = PBXGroup;
			children = (
				69890D011B5DDA3900835A68 /* UserDefaultsSampleTests.m */,
				69890CFF1B5DDA3900835A68 /* Supporting Files */,
			);
			path = UserDefaultsSampleTests;
			sourceTree = "<group>";
		};
		69890CFF1B5DDA3900835A68 /* Supporting Files */ = {
			isa = PBXGroup;
			children = (
				69890D001B5DDA3900835A68 /* Info.plist */,
			);
			name = "Supporting Files";
			sourceTree = "<group>";
		};
/* End PBXGroup section */

/* Begin PBXNativeTarget section */
		69890CE11B5DDA3900835A68 /* UserDefaultsSample */ = {
			isa = PBXNativeTarget;
			buildConfigurationList = 69890D051B5DDA3900835A68 /* Build configuration list for PBXNativeTarget "UserDefaultsSample" */;
			buildPhases = (
				69890CDE1B5DDA3900835A68 /* Sources */,
				69890CDF1B5DDA3900835A68 /* Frameworks */,
				69890CE01B5DDA3900835A68 /* Resources */,
			);
			buildRules = (
			);
			dependencies = (
			);
			name = UserDefaultsSample;
			productName = UserDefaultsSample;
			productReference = 69890CE21B5DDA3900835A68 /* UserDefaultsSample.app */;
			productType = "com.apple.product-type.application";
		};
		69890CFA1B5DDA3900835A68 /* UserDefaultsSampleTests */ = {
			isa = PBXNativeTarget;
			buildConfigurationList = 69890D081B5DDA3900835A68 /* Build configuration list for PBXNativeTarget "UserDefaultsSampleTests" */;
			buildPhases = (
				69890CF71B5DDA3900835A68 /* Sources */,
				69890CF81B5DDA3900835A68 /* Frameworks */,
				69890CF91B5DDA3900835A68 /* Resources */,
			);
			buildRules = (
			);
			dependencies = (
				69890CFD1B5DDA3900835A68 /* PBXTargetDependency */,
			);
			name = UserDefaultsSampleTests;
			productName = UserDefaultsSampleTests;
			productReference = 69890CFB1B5DDA3900835A68 /* UserDefaultsSampleTests.xctest */;
			productType = "com.apple.product-type.bundle.unit-test";
		};
/* End PBXNativeTarget section */

/* Begin PBXProject section */
		69890CDA1B5DDA3900835A68 /* Project object */ = {
			isa = PBXProject;
			attributes = {
				LastUpgradeCheck = 0640;
				ORGANIZATIONNAME = "大久保直昭";
				TargetAttributes = {
					69890CE11B5DDA3900835A68 = {
						CreatedOnToolsVersion = 6.4;
					};
					69890CFA1B5DDA3900835A68 = {
						CreatedOnToolsVersion = 6.4;
						TestTargetID = 69890CE11B5DDA3900835A68;
					};
				};
			};
			buildConfigurationList = 69890CDD1B5DDA3900835A68 /* Build configuration list for PBXProject "UserDefaultsSample" */;
			compatibilityVersion = "Xcode 3.2";
			developmentRegion = English;
			hasScannedForEncodings = 0;
			knownRegions = (
				en,
				Base,
			);
			mainGroup = 69890CD91B5DDA3900835A68;
			productRefGroup = 69890CE31B5DDA3900835A68 /* Products */;
			projectDirPath = "";
			projectRoot = "";
			targets = (
				69890CE11B5DDA3900835A68 /* UserDefaultsSample */,
				69890CFA1B5DDA3900835A68 /* UserDefaultsSampleTests */,
			);
		};
/* End PBXProject section */

/* Begin PBXResourcesBuildPhase section */
		69890CE01B5DDA3900835A68 /* Resources */ = {
			isa = PBXResourcesBuildPhase;
			buildActionMask = 2147483647;
			files = (
				69890D0C1B5E034F00835A68 /* Settings.bundle in Resources */,
				69890CF11B5DDA3900835A68 /* Main.storyboard in Resources */,
				69890CF61B5DDA3900835A68 /* LaunchScreen.xib in Resources */,
				69890CF31B5DDA3900835A68 /* Images.xcassets in Resources */,
			);
			runOnlyForDeploymentPostprocessing = 0;
		};
		69890CF91B5DDA3900835A68 /* Resources */ = {
			isa = PBXResourcesBuildPhase;
			buildActionMask = 2147483647;
			files = (
			);
			runOnlyForDeploymentPostprocessing = 0;
		};
/* End PBXResourcesBuildPhase section */

/* Begin PBXSourcesBuildPhase section */
		69890CDE1B5DDA3900835A68 /* Sources */ = {
			isa = PBXSourcesBuildPhase;
			buildActionMask = 2147483647;
			files = (
				69890CEE1B5DDA3900835A68 /* ViewController.m in Sources */,
				69890CEB1B5DDA3900835A68 /* AppDelegate.m in Sources */,
				69890CE81B5DDA3900835A68 /* main.m in Sources */,
			);
			runOnlyForDeploymentPostprocessing = 0;
		};
		69890CF71B5DDA3900835A68 /* Sources */ = {
			isa = PBXSourcesBuildPhase;
			buildActionMask = 2147483647;
			files = (
				69890D021B5DDA3900835A68 /* UserDefaultsSampleTests.m in Sources */,
			);
			runOnlyForDeploymentPostprocessing = 0;
		};
/* End PBXSourcesBuildPhase section */

/* Begin PBXTargetDependency section */
		69890CFD1B5DDA3900835A68 /* PBXTargetDependency */ = {
			isa = PBXTargetDependency;
			target = 69890CE11B5DDA3900835A68 /* UserDefaultsSample */;
			targetProxy = 69890CFC1B5DDA3900835A68 /* PBXContainerItemProxy */;
		};
/* End PBXTargetDependency section */

/* Begin PBXVariantGroup section */
		69890CEF1B5DDA3900835A68 /* Main.storyboard */ = {
			isa = PBXVariantGroup;
			children = (
				69890CF01B5DDA3900835A68 /* Base */,
			);
			name = Main.storyboard;
			sourceTree = "<group>";
		};
		69890CF41B5DDA3900835A68 /* LaunchScreen.xib */ = {
			isa = PBXVariantGroup;
			children = (
				69890CF51B5DDA3900835A68 /* Base */,
			);
			name = LaunchScreen.xib;
			sourceTree = "<group>";
		};
/* End PBXVariantGroup section */

/* Begin XCBuildConfiguration section */
		69890D031B5DDA3900835A68 /* Debug */ = {
			isa = XCBuildConfiguration;
			buildSettings = {
				ALWAYS_SEARCH_USER_PATHS = NO;
				CLANG_CXX_LANGUAGE_STANDARD = "gnu++0x";
				CLANG_CXX_LIBRARY = "libc++";
				CLANG_ENABLE_MODULES = YES;
				CLANG_ENABLE_OBJC_ARC = YES;
				CLANG_WARN_BOOL_CONVERSION = YES;
				CLANG_WARN_CONSTANT_CONVERSION = YES;
				CLANG_WARN_DIRECT_OBJC_ISA_USAGE = YES_ERROR;
				CLANG_WARN_EMPTY_BODY = YES;
				CLANG_WARN_ENUM_CONVERSION = YES;
				CLANG_WARN_INT_CONVERSION = YES;
				CLANG_WARN_OBJC_ROOT_CLASS = YES_ERROR;
				CLANG_WARN_UNREACHABLE_CODE = YES;
				CLANG_WARN__DUPLICATE_METHOD_MATCH = YES;
				"CODE_SIGN_IDENTITY[sdk=iphoneos*]" = "iPhone Developer";
				COPY_PHASE_STRIP = NO;
				DEBUG_INFORMATION_FORMAT = "dwarf-with-dsym";
				ENABLE_STRICT_OBJC_MSGSEND = YES;
				GCC_C_LANGUAGE_STANDARD = gnu99;
				GCC_DYNAMIC_NO_PIC = NO;
				GCC_NO_COMMON_BLOCKS = YES;
				GCC_OPTIMIZATION_LEVEL = 0;
				GCC_PREPROCESSOR_DEFINITIONS = (
					"DEBUG=1",
					"$(inherited)",
				);
				GCC_SYMBOLS_PRIVATE_EXTERN = NO;
				GCC_WARN_64_TO_32_BIT_CONVERSION = YES;
				GCC_WARN_ABOUT_RETURN_TYPE = YES_ERROR;
				GCC_WARN_UNDECLARED_SELECTOR = YES;
				GCC_WARN_UNINITIALIZED_AUTOS = YES_AGGRESSIVE;
				GCC_WARN_UNUSED_FUNCTION = YES;
				GCC_WARN_UNUSED_VARIABLE = YES;
				IPHONEOS_DEPLOYMENT_TARGET = 8.4;
				MTL_ENABLE_DEBUG_INFO = YES;
				ONLY_ACTIVE_ARCH = YES;
				SDKROOT = iphoneos;
			};
			name = Debug;
		};
		69890D041B5DDA3900835A68 /* Release */ = {
			isa = XCBuildConfiguration;
			buildSettings = {
				ALWAYS_SEARCH_USER_PATHS = NO;
				CLANG_CXX_LANGUAGE_STANDARD = "gnu++0x";
				CLANG_CXX_LIBRARY = "libc++";
				CLANG_ENABLE_MODULES = YES;
				CLANG_ENABLE_OBJC_ARC = YES;
				CLANG_WARN_BOOL_CONVERSION = YES;
				CLANG_WARN_CONSTANT_CONVERSION = YES;
				CLANG_WARN_DIRECT_OBJC_ISA_USAGE = YES_ERROR;
				CLANG_WARN_EMPTY_BODY = YES;
				CLANG_WARN_ENUM_CONVERSION = YES;
				CLANG_WARN_INT_CONVERSION = YES;
				CLANG_WARN_OBJC_ROOT_CLASS = YES_ERROR;
				CLANG_WARN_UNREACHABLE_CODE = YES;
				CLANG_WARN__DUPLICATE_METHOD_MATCH = YES;
				"CODE_SIGN_IDENTITY[sdk=iphoneos*]" = "iPhone Developer";
				COPY_PHASE_STRIP = NO;
				DEBUG_INFORMATION_FORMAT = "dwarf-with-dsym";
				ENABLE_NS_ASSERTIONS = NO;
				ENABLE_STRICT_OBJC_MSGSEND = YES;
				GCC_C_LANGUAGE_STANDARD = gnu99;
				GCC_NO_COMMON_BLOCKS = YES;
				GCC_WARN_64_TO_32_BIT_CONVERSION = YES;
				GCC_WARN_ABOUT_RETURN_TYPE = YES_ERROR;
				GCC_WARN_UNDECLARED_SELECTOR = YES;
				GCC_WARN_UNINITIALIZED_AUTOS = YES_AGGRESSIVE;
				GCC_WARN_UNUSED_FUNCTION = YES;
				GCC_WARN_UNUSED_VARIABLE = YES;
				IPHONEOS_DEPLOYMENT_TARGET = 8.4;
				MTL_ENABLE_DEBUG_INFO = NO;
				SDKROOT = iphoneos;
				VALIDATE_PRODUCT = YES;
			};
			name = Release;
		};
		69890D061B5DDA3900835A68 /* Debug */ = {
			isa = XCBuildConfiguration;
			buildSettings = {
				ASSETCATALOG_COMPILER_APPICON_NAME = AppIcon;
				INFOPLIST_FILE = UserDefaultsSample/Info.plist;
				LD_RUNPATH_SEARCH_PATHS = "$(inherited) @executable_path/Frameworks";
				PRODUCT_NAME = "$(TARGET_NAME)";
			};
			name = Debug;
		};
		69890D071B5DDA3900835A68 /* Release */ = {
			isa = XCBuildConfiguration;
			buildSettings = {
				ASSETCATALOG_COMPILER_APPICON_NAME = AppIcon;
				INFOPLIST_FILE = UserDefaultsSample/Info.plist;
				LD_RUNPATH_SEARCH_PATHS = "$(inherited) @executable_path/Frameworks";
				PRODUCT_NAME = "$(TARGET_NAME)";
			};
			name = Release;
		};
		69890D091B5DDA3900835A68 /* Debug */ = {
			isa = XCBuildConfiguration;
			buildSettings = {
				BUNDLE_LOADER = "$(TEST_HOST)";
				FRAMEWORK_SEARCH_PATHS = (
					"$(SDKROOT)/Developer/Library/Frameworks",
					"$(inherited)",
				);
				GCC_PREPROCESSOR_DEFINITIONS = (
					"DEBUG=1",
					"$(inherited)",
				);
				INFOPLIST_FILE = UserDefaultsSampleTests/Info.plist;
				LD_RUNPATH_SEARCH_PATHS = "$(inherited) @executable_path/Frameworks @loader_path/Frameworks";
				PRODUCT_NAME = "$(TARGET_NAME)";
				TEST_HOST = "$(BUILT_PRODUCTS_DIR)/UserDefaultsSample.app/UserDefaultsSample";
			};
			name = Debug;
		};
		69890D0A1B5DDA3900835A68 /* Release */ = {
			isa = XCBuildConfiguration;
			buildSettings = {
				BUNDLE_LOADER = "$(TEST_HOST)";
				FRAMEWORK_SEARCH_PATHS = (
					"$(SDKROOT)/Developer/Library/Frameworks",
					"$(inherited)",
				);
				INFOPLIST_FILE = UserDefaultsSampleTests/Info.plist;
				LD_RUNPATH_SEARCH_PATHS = "$(inherited) @executable_path/Frameworks @loader_path/Frameworks";
				PRODUCT_NAME = "$(TARGET_NAME)";
				TEST_HOST = "$(BUILT_PRODUCTS_DIR)/UserDefaultsSample.app/UserDefaultsSample";
			};
			name = Release;
		};
/* End XCBuildConfiguration section */

/* Begin XCConfigurationList section */
		69890CDD1B5DDA3900835A68 /* Build configuration list for PBXProject "UserDefaultsSample" */ = {
			isa = XCConfigurationList;
			buildConfigurations = (
				69890D031B5DDA3900835A68 /* Debug */,
				69890D041B5DDA3900835A68 /* Release */,
			);
			defaultConfigurationIsVisible = 0;
			defaultConfigurationName = Release;
		};
		69890D051B5DDA3900835A68 /* Build configuration list for PBXNativeTarget "UserDefaultsSample" */ = {
			isa = XCConfigurationList;
			buildConfigurations = (
				69890D061B5DDA3900835A68 /* Debug */,
				69890D071B5DDA3900835A68 /* Release */,
			);
			defaultConfigurationIsVisible = 0;
		};
		69890D081B5DDA3900835A68 /* Build configuration list for PBXNativeTarget "UserDefaultsSampleTests" */ = {
			isa = XCConfigurationList;
			buildConfigurations = (
				69890D091B5DDA3900835A68 /* Debug */,
				69890D0A1B5DDA3900835A68 /* Release */,
			);
			defaultConfigurationIsVisible = 0;
		};
/* End XCConfigurationList section */
	};
	rootObject = 69890CDA1B5DDA3900835A68 /* Project object */;
}
