// !$*UTF8*$!
{
	archiveVersion = 1;
	classes = {
	};
	objectVersion = 46;
	objects = {

/* Begin PBXBuildFile section */
		696E485C1B55E67C00F1CE50 /* AssetDetailViewController.m in Sources */ = {isa = PBXBuildFile; fileRef = 696E485B1B55E67C00F1CE50 /* AssetDetailViewController.m */; };
		699AB0FF1B54CECC0076E803 /* main.m in Sources */ = {isa = PBXBuildFile; fileRef = 699AB0FE1B54CECC0076E803 /* main.m */; };
		699AB1021B54CECC0076E803 /* AppDelegate.m in Sources */ = {isa = PBXBuildFile; fileRef = 699AB1011B54CECC0076E803 /* AppDelegate.m */; };
		699AB1051B54CECC0076E803 /* ViewController.m in Sources */ = {isa = PBXBuildFile; fileRef = 699AB1041B54CECC0076E803 /* ViewController.m */; };
		699AB1081B54CECC0076E803 /* Main.storyboard in Resources */ = {isa = PBXBuildFile; fileRef = 699AB1061B54CECC0076E803 /* Main.storyboard */; };
		699AB10A1B54CECD0076E803 /* Images.xcassets in Resources */ = {isa = PBXBuildFile; fileRef = 699AB1091B54CECD0076E803 /* Images.xcassets */; };
		699AB10D1B54CECD0076E803 /* LaunchScreen.xib in Resources */ = {isa = PBXBuildFile; fileRef = 699AB10B1B54CECD0076E803 /* LaunchScreen.xib */; };
		699AB1191B54CECD0076E803 /* AssetsLibrarySampleTests.m in Sources */ = {isa = PBXBuildFile; fileRef = 699AB1181B54CECD0076E803 /* AssetsLibrarySampleTests.m */; };
		699AB1231B54CF090076E803 /* AssetsLibrary.framework in Frameworks */ = {isa = PBXBuildFile; fileRef = 699AB1221B54CF090076E803 /* AssetsLibrary.framework */; };
		699AB1261B54D6620076E803 /* AssetViewController.m in Sources */ = {isa = PBXBuildFile; fileRef = 699AB1251B54D6620076E803 /* AssetViewController.m */; };
/* End PBXBuildFile section */

/* Begin PBXContainerItemProxy section */
		699AB1131B54CECD0076E803 /* PBXContainerItemProxy */ = {
			isa = PBXContainerItemProxy;
			containerPortal = 699AB0F11B54CECC0076E803 /* Project object */;
			proxyType = 1;
			remoteGlobalIDString = 699AB0F81B54CECC0076E803;
			remoteInfo = AssetsLibrarySample;
		};
/* End PBXContainerItemProxy section */

/* Begin PBXFileReference section */
		696E485A1B55E67C00F1CE50 /* AssetDetailViewController.h */ = {isa = PBXFileReference; fileEncoding = 4; lastKnownFileType = sourcecode.c.h; path = AssetDetailViewController.h; sourceTree = "<group>"; };
		696E485B1B55E67C00F1CE50 /* AssetDetailViewController.m */ = {isa = PBXFileReference; fileEncoding = 4; lastKnownFileType = sourcecode.c.objc; path = AssetDetailViewController.m; sourceTree = "<group>"; };
		699AB0F91B54CECC0076E803 /* AssetsLibrarySample.app */ = {isa = PBXFileReference; explicitFileType = wrapper.application; includeInIndex = 0; path = AssetsLibrarySample.app; sourceTree = BUILT_PRODUCTS_DIR; };
		699AB0FD1B54CECC0076E803 /* Info.plist */ = {isa = PBXFileReference; lastKnownFileType = text.plist.xml; path = Info.plist; sourceTree = "<group>"; };
		699AB0FE1B54CECC0076E803 /* main.m */ = {isa = PBXFileReference; lastKnownFileType = sourcecode.c.objc; path = main.m; sourceTree = "<group>"; };
		699AB1001B54CECC0076E803 /* AppDelegate.h */ = {isa = PBXFileReference; lastKnownFileType = sourcecode.c.h; path = AppDelegate.h; sourceTree = "<group>"; };
		699AB1011B54CECC0076E803 /* AppDelegate.m */ = {isa = PBXFileReference; lastKnownFileType = sourcecode.c.objc; path = AppDelegate.m; sourceTree = "<group>"; };
		699AB1031B54CECC0076E803 /* ViewController.h */ = {isa = PBXFileReference; lastKnownFileType = sourcecode.c.h; path = ViewController.h; sourceTree = "<group>"; };
		699AB1041B54CECC0076E803 /* ViewController.m */ = {isa = PBXFileReference; lastKnownFileType = sourcecode.c.objc; path = ViewController.m; sourceTree = "<group>"; };
		699AB1071B54CECC0076E803 /* Base */ = {isa = PBXFileReference; lastKnownFileType = file.storyboard; name = Base; path = Base.lproj/Main.storyboard; sourceTree = "<group>"; };
		699AB1091B54CECD0076E803 /* Images.xcassets */ = {isa = PBXFileReference; lastKnownFileType = folder.assetcatalog; path = Images.xcassets; sourceTree = "<group>"; };
		699AB10C1B54CECD0076E803 /* Base */ = {isa = PBXFileReference; lastKnownFileType = file.xib; name = Base; path = Base.lproj/LaunchScreen.xib; sourceTree = "<group>"; };
		699AB1121B54CECD0076E803 /* AssetsLibrarySampleTests.xctest */ = {isa = PBXFileReference; explicitFileType = wrapper.cfbundle; includeInIndex = 0; path = AssetsLibrarySampleTests.xctest; sourceTree = BUILT_PRODUCTS_DIR; };
		699AB1171B54CECD0076E803 /* Info.plist */ = {isa = PBXFileReference; lastKnownFileType = text.plist.xml; path = Info.plist; sourceTree = "<group>"; };
		699AB1181B54CECD0076E803 /* AssetsLibrarySampleTests.m */ = {isa = PBXFileReference; lastKnownFileType = sourcecode.c.objc; path = AssetsLibrarySampleTests.m; sourceTree = "<group>"; };
		699AB1221B54CF090076E803 /* AssetsLibrary.framework */ = {isa = PBXFileReference; lastKnownFileType = wrapper.framework; name = AssetsLibrary.framework; path = System/Library/Frameworks/AssetsLibrary.framework; sourceTree = SDKROOT; };
		699AB1241B54D6620076E803 /* AssetViewController.h */ = {isa = PBXFileReference; fileEncoding = 4; lastKnownFileType = sourcecode.c.h; path = AssetViewController.h; sourceTree = "<group>"; };
		699AB1251B54D6620076E803 /* AssetViewController.m */ = {isa = PBXFileReference; fileEncoding = 4; lastKnownFileType = sourcecode.c.objc; path = AssetViewController.m; sourceTree = "<group>"; };
/* End PBXFileReference section */

/* Begin PBXFrameworksBuildPhase section */
		699AB0F61B54CECC0076E803 /* Frameworks */ = {
			isa = PBXFrameworksBuildPhase;
			buildActionMask = 2147483647;
			files = (
				699AB1231B54CF090076E803 /* AssetsLibrary.framework in Frameworks */,
			);
			runOnlyForDeploymentPostprocessing = 0;
		};
		699AB10F1B54CECD0076E803 /* Frameworks */ = {
			isa = PBXFrameworksBuildPhase;
			buildActionMask = 2147483647;
			files = (
			);
			runOnlyForDeploymentPostprocessing = 0;
		};
/* End PBXFrameworksBuildPhase section */

/* Begin PBXGroup section */
		699AB0F01B54CECC0076E803 = {
			isa = PBXGroup;
			children = (
				699AB1221B54CF090076E803 /* AssetsLibrary.framework */,
				699AB0FB1B54CECC0076E803 /* AssetsLibrarySample */,
				699AB1151B54CECD0076E803 /* AssetsLibrarySampleTests */,
				699AB0FA1B54CECC0076E803 /* Products */,
			);
			sourceTree = "<group>";
		};
		699AB0FA1B54CECC0076E803 /* Products */ = {
			isa = PBXGroup;
			children = (
				699AB0F91B54CECC0076E803 /* AssetsLibrarySample.app */,
				699AB1121B54CECD0076E803 /* AssetsLibrarySampleTests.xctest */,
			);
			name = Products;
			sourceTree = "<group>";
		};
		699AB0FB1B54CECC0076E803 /* AssetsLibrarySample */ = {
			isa = PBXGroup;
			children = (
				699AB1001B54CECC0076E803 /* AppDelegate.h */,
				699AB1011B54CECC0076E803 /* AppDelegate.m */,
				699AB1031B54CECC0076E803 /* ViewController.h */,
				699AB1041B54CECC0076E803 /* ViewController.m */,
				699AB1061B54CECC0076E803 /* Main.storyboard */,
				699AB1091B54CECD0076E803 /* Images.xcassets */,
				699AB10B1B54CECD0076E803 /* LaunchScreen.xib */,
				699AB0FC1B54CECC0076E803 /* Supporting Files */,
				699AB1241B54D6620076E803 /* AssetViewController.h */,
				699AB1251B54D6620076E803 /* AssetViewController.m */,
				696E485A1B55E67C00F1CE50 /* AssetDetailViewController.h */,
				696E485B1B55E67C00F1CE50 /* AssetDetailViewController.m */,
			);
			path = AssetsLibrarySample;
			sourceTree = "<group>";
		};
		699AB0FC1B54CECC0076E803 /* Supporting Files */ = {
			isa = PBXGroup;
			children = (
				699AB0FD1B54CECC0076E803 /* Info.plist */,
				699AB0FE1B54CECC0076E803 /* main.m */,
			);
			name = "Supporting Files";
			sourceTree = "<group>";
		};
		699AB1151B54CECD0076E803 /* AssetsLibrarySampleTests */ = {
			isa = PBXGroup;
			children = (
				699AB1181B54CECD0076E803 /* AssetsLibrarySampleTests.m */,
				699AB1161B54CECD0076E803 /* Supporting Files */,
			);
			path = AssetsLibrarySampleTests;
			sourceTree = "<group>";
		};
		699AB1161B54CECD0076E803 /* Supporting Files */ = {
			isa = PBXGroup;
			children = (
				699AB1171B54CECD0076E803 /* Info.plist */,
			);
			name = "Supporting Files";
			sourceTree = "<group>";
		};
/* End PBXGroup section */

/* Begin PBXNativeTarget section */
		699AB0F81B54CECC0076E803 /* AssetsLibrarySample */ = {
			isa = PBXNativeTarget;
			buildConfigurationList = 699AB11C1B54CECD0076E803 /* Build configuration list for PBXNativeTarget "AssetsLibrarySample" */;
			buildPhases = (
				699AB0F51B54CECC0076E803 /* Sources */,
				699AB0F61B54CECC0076E803 /* Frameworks */,
				699AB0F71B54CECC0076E803 /* Resources */,
			);
			buildRules = (
			);
			dependencies = (
			);
			name = AssetsLibrarySample;
			productName = AssetsLibrarySample;
			productReference = 699AB0F91B54CECC0076E803 /* AssetsLibrarySample.app */;
			productType = "com.apple.product-type.application";
		};
		699AB1111B54CECD0076E803 /* AssetsLibrarySampleTests */ = {
			isa = PBXNativeTarget;
			buildConfigurationList = 699AB11F1B54CECD0076E803 /* Build configuration list for PBXNativeTarget "AssetsLibrarySampleTests" */;
			buildPhases = (
				699AB10E1B54CECD0076E803 /* Sources */,
				699AB10F1B54CECD0076E803 /* Frameworks */,
				699AB1101B54CECD0076E803 /* Resources */,
			);
			buildRules = (
			);
			dependencies = (
				699AB1141B54CECD0076E803 /* PBXTargetDependency */,
			);
			name = AssetsLibrarySampleTests;
			productName = AssetsLibrarySampleTests;
			productReference = 699AB1121B54CECD0076E803 /* AssetsLibrarySampleTests.xctest */;
			productType = "com.apple.product-type.bundle.unit-test";
		};
/* End PBXNativeTarget section */

/* Begin PBXProject section */
		699AB0F11B54CECC0076E803 /* Project object */ = {
			isa = PBXProject;
			attributes = {
				LastUpgradeCheck = 0640;
				ORGANIZATIONNAME = "大久保直昭";
				TargetAttributes = {
					699AB0F81B54CECC0076E803 = {
						CreatedOnToolsVersion = 6.4;
					};
					699AB1111B54CECD0076E803 = {
						CreatedOnToolsVersion = 6.4;
						TestTargetID = 699AB0F81B54CECC0076E803;
					};
				};
			};
			buildConfigurationList = 699AB0F41B54CECC0076E803 /* Build configuration list for PBXProject "AssetsLibrarySample" */;
			compatibilityVersion = "Xcode 3.2";
			developmentRegion = English;
			hasScannedForEncodings = 0;
			knownRegions = (
				en,
				Base,
			);
			mainGroup = 699AB0F01B54CECC0076E803;
			productRefGroup = 699AB0FA1B54CECC0076E803 /* Products */;
			projectDirPath = "";
			projectRoot = "";
			targets = (
				699AB0F81B54CECC0076E803 /* AssetsLibrarySample */,
				699AB1111B54CECD0076E803 /* AssetsLibrarySampleTests */,
			);
		};
/* End PBXProject section */

/* Begin PBXResourcesBuildPhase section */
		699AB0F71B54CECC0076E803 /* Resources */ = {
			isa = PBXResourcesBuildPhase;
			buildActionMask = 2147483647;
			files = (
				699AB1081B54CECC0076E803 /* Main.storyboard in Resources */,
				699AB10D1B54CECD0076E803 /* LaunchScreen.xib in Resources */,
				699AB10A1B54CECD0076E803 /* Images.xcassets in Resources */,
			);
			runOnlyForDeploymentPostprocessing = 0;
		};
		699AB1101B54CECD0076E803 /* Resources */ = {
			isa = PBXResourcesBuildPhase;
			buildActionMask = 2147483647;
			files = (
			);
			runOnlyForDeploymentPostprocessing = 0;
		};
/* End PBXResourcesBuildPhase section */

/* Begin PBXSourcesBuildPhase section */
		699AB0F51B54CECC0076E803 /* Sources */ = {
			isa = PBXSourcesBuildPhase;
			buildActionMask = 2147483647;
			files = (
				699AB1051B54CECC0076E803 /* ViewController.m in Sources */,
				699AB1021B54CECC0076E803 /* AppDelegate.m in Sources */,
				699AB0FF1B54CECC0076E803 /* main.m in Sources */,
				696E485C1B55E67C00F1CE50 /* AssetDetailViewController.m in Sources */,
				699AB1261B54D6620076E803 /* AssetViewController.m in Sources */,
			);
			runOnlyForDeploymentPostprocessing = 0;
		};
		699AB10E1B54CECD0076E803 /* Sources */ = {
			isa = PBXSourcesBuildPhase;
			buildActionMask = 2147483647;
			files = (
				699AB1191B54CECD0076E803 /* AssetsLibrarySampleTests.m in Sources */,
			);
			runOnlyForDeploymentPostprocessing = 0;
		};
/* End PBXSourcesBuildPhase section */

/* Begin PBXTargetDependency section */
		699AB1141B54CECD0076E803 /* PBXTargetDependency */ = {
			isa = PBXTargetDependency;
			target = 699AB0F81B54CECC0076E803 /* AssetsLibrarySample */;
			targetProxy = 699AB1131B54CECD0076E803 /* PBXContainerItemProxy */;
		};
/* End PBXTargetDependency section */

/* Begin PBXVariantGroup section */
		699AB1061B54CECC0076E803 /* Main.storyboard */ = {
			isa = PBXVariantGroup;
			children = (
				699AB1071B54CECC0076E803 /* Base */,
			);
			name = Main.storyboard;
			sourceTree = "<group>";
		};
		699AB10B1B54CECD0076E803 /* LaunchScreen.xib */ = {
			isa = PBXVariantGroup;
			children = (
				699AB10C1B54CECD0076E803 /* Base */,
			);
			name = LaunchScreen.xib;
			sourceTree = "<group>";
		};
/* End PBXVariantGroup section */

/* Begin XCBuildConfiguration section */
		699AB11A1B54CECD0076E803 /* Debug */ = {
			isa = XCBuildConfiguration;
			buildSettings = {
				ALWAYS_SEARCH_USER_PATHS = NO;
				CLANG_CXX_LANGUAGE_STANDARD = "gnu++0x";
				CLANG_CXX_LIBRARY = "libc++";
				CLANG_ENABLE_MODULES = YES;
				CLANG_ENABLE_OBJC_ARC = YES;
				CLANG_WARN_BOOL_CONVERSION = YES;
				CLANG_WARN_CONSTANT_CONVERSION = YES;
				CLANG_WARN_DIRECT_OBJC_ISA_USAGE = YES_ERROR;
				CLANG_WARN_EMPTY_BODY = YES;
				CLANG_WARN_ENUM_CONVERSION = YES;
				CLANG_WARN_INT_CONVERSION = YES;
				CLANG_WARN_OBJC_ROOT_CLASS = YES_ERROR;
				CLANG_WARN_UNREACHABLE_CODE = YES;
				CLANG_WARN__DUPLICATE_METHOD_MATCH = YES;
				"CODE_SIGN_IDENTITY[sdk=iphoneos*]" = "iPhone Developer";
				COPY_PHASE_STRIP = NO;
				DEBUG_INFORMATION_FORMAT = "dwarf-with-dsym";
				ENABLE_STRICT_OBJC_MSGSEND = YES;
				GCC_C_LANGUAGE_STANDARD = gnu99;
				GCC_DYNAMIC_NO_PIC = NO;
				GCC_NO_COMMON_BLOCKS = YES;
				GCC_OPTIMIZATION_LEVEL = 0;
				GCC_PREPROCESSOR_DEFINITIONS = (
					"DEBUG=1",
					"$(inherited)",
				);
				GCC_SYMBOLS_PRIVATE_EXTERN = NO;
				GCC_WARN_64_TO_32_BIT_CONVERSION = YES;
				GCC_WARN_ABOUT_RETURN_TYPE = YES_ERROR;
				GCC_WARN_UNDECLARED_SELECTOR = YES;
				GCC_WARN_UNINITIALIZED_AUTOS = YES_AGGRESSIVE;
				GCC_WARN_UNUSED_FUNCTION = YES;
				GCC_WARN_UNUSED_VARIABLE = YES;
				IPHONEOS_DEPLOYMENT_TARGET = 8.4;
				MTL_ENABLE_DEBUG_INFO = YES;
				ONLY_ACTIVE_ARCH = YES;
				SDKROOT = iphoneos;
			};
			name = Debug;
		};
		699AB11B1B54CECD0076E803 /* Release */ = {
			isa = XCBuildConfiguration;
			buildSettings = {
				ALWAYS_SEARCH_USER_PATHS = NO;
				CLANG_CXX_LANGUAGE_STANDARD = "gnu++0x";
				CLANG_CXX_LIBRARY = "libc++";
				CLANG_ENABLE_MODULES = YES;
				CLANG_ENABLE_OBJC_ARC = YES;
				CLANG_WARN_BOOL_CONVERSION = YES;
				CLANG_WARN_CONSTANT_CONVERSION = YES;
				CLANG_WARN_DIRECT_OBJC_ISA_USAGE = YES_ERROR;
				CLANG_WARN_EMPTY_BODY = YES;
				CLANG_WARN_ENUM_CONVERSION = YES;
				CLANG_WARN_INT_CONVERSION = YES;
				CLANG_WARN_OBJC_ROOT_CLASS = YES_ERROR;
				CLANG_WARN_UNREACHABLE_CODE = YES;
				CLANG_WARN__DUPLICATE_METHOD_MATCH = YES;
				"CODE_SIGN_IDENTITY[sdk=iphoneos*]" = "iPhone Developer";
				COPY_PHASE_STRIP = NO;
				DEBUG_INFORMATION_FORMAT = "dwarf-with-dsym";
				ENABLE_NS_ASSERTIONS = NO;
				ENABLE_STRICT_OBJC_MSGSEND = YES;
				GCC_C_LANGUAGE_STANDARD = gnu99;
				GCC_NO_COMMON_BLOCKS = YES;
				GCC_WARN_64_TO_32_BIT_CONVERSION = YES;
				GCC_WARN_ABOUT_RETURN_TYPE = YES_ERROR;
				GCC_WARN_UNDECLARED_SELECTOR = YES;
				GCC_WARN_UNINITIALIZED_AUTOS = YES_AGGRESSIVE;
				GCC_WARN_UNUSED_FUNCTION = YES;
				GCC_WARN_UNUSED_VARIABLE = YES;
				IPHONEOS_DEPLOYMENT_TARGET = 8.4;
				MTL_ENABLE_DEBUG_INFO = NO;
				SDKROOT = iphoneos;
				VALIDATE_PRODUCT = YES;
			};
			name = Release;
		};
		699AB11D1B54CECD0076E803 /* Debug */ = {
			isa = XCBuildConfiguration;
			buildSettings = {
				ASSETCATALOG_COMPILER_APPICON_NAME = AppIcon;
				INFOPLIST_FILE = AssetsLibrarySample/Info.plist;
				LD_RUNPATH_SEARCH_PATHS = "$(inherited) @executable_path/Frameworks";
				PRODUCT_NAME = "$(TARGET_NAME)";
			};
			name = Debug;
		};
		699AB11E1B54CECD0076E803 /* Release */ = {
			isa = XCBuildConfiguration;
			buildSettings = {
				ASSETCATALOG_COMPILER_APPICON_NAME = AppIcon;
				INFOPLIST_FILE = AssetsLibrarySample/Info.plist;
				LD_RUNPATH_SEARCH_PATHS = "$(inherited) @executable_path/Frameworks";
				PRODUCT_NAME = "$(TARGET_NAME)";
			};
			name = Release;
		};
		699AB1201B54CECD0076E803 /* Debug */ = {
			isa = XCBuildConfiguration;
			buildSettings = {
				BUNDLE_LOADER = "$(TEST_HOST)";
				FRAMEWORK_SEARCH_PATHS = (
					"$(SDKROOT)/Developer/Library/Frameworks",
					"$(inherited)",
				);
				GCC_PREPROCESSOR_DEFINITIONS = (
					"DEBUG=1",
					"$(inherited)",
				);
				INFOPLIST_FILE = AssetsLibrarySampleTests/Info.plist;
				LD_RUNPATH_SEARCH_PATHS = "$(inherited) @executable_path/Frameworks @loader_path/Frameworks";
				PRODUCT_NAME = "$(TARGET_NAME)";
				TEST_HOST = "$(BUILT_PRODUCTS_DIR)/AssetsLibrarySample.app/AssetsLibrarySample";
			};
			name = Debug;
		};
		699AB1211B54CECD0076E803 /* Release */ = {
			isa = XCBuildConfiguration;
			buildSettings = {
				BUNDLE_LOADER = "$(TEST_HOST)";
				FRAMEWORK_SEARCH_PATHS = (
					"$(SDKROOT)/Developer/Library/Frameworks",
					"$(inherited)",
				);
				INFOPLIST_FILE = AssetsLibrarySampleTests/Info.plist;
				LD_RUNPATH_SEARCH_PATHS = "$(inherited) @executable_path/Frameworks @loader_path/Frameworks";
				PRODUCT_NAME = "$(TARGET_NAME)";
				TEST_HOST = "$(BUILT_PRODUCTS_DIR)/AssetsLibrarySample.app/AssetsLibrarySample";
			};
			name = Release;
		};
/* End XCBuildConfiguration section */

/* Begin XCConfigurationList section */
		699AB0F41B54CECC0076E803 /* Build configuration list for PBXProject "AssetsLibrarySample" */ = {
			isa = XCConfigurationList;
			buildConfigurations = (
				699AB11A1B54CECD0076E803 /* Debug */,
				699AB11B1B54CECD0076E803 /* Release */,
			);
			defaultConfigurationIsVisible = 0;
			defaultConfigurationName = Release;
		};
		699AB11C1B54CECD0076E803 /* Build configuration list for PBXNativeTarget "AssetsLibrarySample" */ = {
			isa = XCConfigurationList;
			buildConfigurations = (
				699AB11D1B54CECD0076E803 /* Debug */,
				699AB11E1B54CECD0076E803 /* Release */,
			);
			defaultConfigurationIsVisible = 0;
			defaultConfigurationName = Release;
		};
		699AB11F1B54CECD0076E803 /* Build configuration list for PBXNativeTarget "AssetsLibrarySampleTests" */ = {
			isa = XCConfigurationList;
			buildConfigurations = (
				699AB1201B54CECD0076E803 /* Debug */,
				699AB1211B54CECD0076E803 /* Release */,
			);
			defaultConfigurationIsVisible = 0;
			defaultConfigurationName = Release;
		};
/* End XCConfigurationList section */
	};
	rootObject = 699AB0F11B54CECC0076E803 /* Project object */;
}
