// !$*UTF8*$!
{
	archiveVersion = 1;
	classes = {
	};
	objectVersion = 46;
	objects = {

/* Begin PBXBuildFile section */
		69B556FB1B4A1F44008DA033 /* main.m in Sources */ = {isa = PBXBuildFile; fileRef = 69B556FA1B4A1F44008DA033 /* main.m */; };
		69B556FE1B4A1F44008DA033 /* AppDelegate.m in Sources */ = {isa = PBXBuildFile; fileRef = 69B556FD1B4A1F44008DA033 /* AppDelegate.m */; };
		69B557011B4A1F44008DA033 /* ViewController.m in Sources */ = {isa = PBXBuildFile; fileRef = 69B557001B4A1F44008DA033 /* ViewController.m */; };
		69B557061B4A1F44008DA033 /* Images.xcassets in Resources */ = {isa = PBXBuildFile; fileRef = 69B557051B4A1F44008DA033 /* Images.xcassets */; };
		69B557151B4A1F45008DA033 /* xibSample1_3Tests.m in Sources */ = {isa = PBXBuildFile; fileRef = 69B557141B4A1F45008DA033 /* xibSample1_3Tests.m */; };
		69B557211B4A2031008DA033 /* MixiSampleViewController.m in Sources */ = {isa = PBXBuildFile; fileRef = 69B5571F1B4A2031008DA033 /* MixiSampleViewController.m */; };
		69B557221B4A2031008DA033 /* MixiSampleViewController.xib in Resources */ = {isa = PBXBuildFile; fileRef = 69B557201B4A2031008DA033 /* MixiSampleViewController.xib */; };
/* End PBXBuildFile section */

/* Begin PBXContainerItemProxy section */
		69B5570F1B4A1F45008DA033 /* PBXContainerItemProxy */ = {
			isa = PBXContainerItemProxy;
			containerPortal = 69B556ED1B4A1F44008DA033 /* Project object */;
			proxyType = 1;
			remoteGlobalIDString = 69B556F41B4A1F44008DA033;
			remoteInfo = xibSample1.3;
		};
/* End PBXContainerItemProxy section */

/* Begin PBXFileReference section */
		69B556F51B4A1F44008DA033 /* xibSample1.3.app */ = {isa = PBXFileReference; explicitFileType = wrapper.application; includeInIndex = 0; path = xibSample1.3.app; sourceTree = BUILT_PRODUCTS_DIR; };
		69B556F91B4A1F44008DA033 /* Info.plist */ = {isa = PBXFileReference; lastKnownFileType = text.plist.xml; path = Info.plist; sourceTree = "<group>"; };
		69B556FA1B4A1F44008DA033 /* main.m */ = {isa = PBXFileReference; lastKnownFileType = sourcecode.c.objc; path = main.m; sourceTree = "<group>"; };
		69B556FC1B4A1F44008DA033 /* AppDelegate.h */ = {isa = PBXFileReference; lastKnownFileType = sourcecode.c.h; path = AppDelegate.h; sourceTree = "<group>"; };
		69B556FD1B4A1F44008DA033 /* AppDelegate.m */ = {isa = PBXFileReference; lastKnownFileType = sourcecode.c.objc; path = AppDelegate.m; sourceTree = "<group>"; };
		69B556FF1B4A1F44008DA033 /* ViewController.h */ = {isa = PBXFileReference; lastKnownFileType = sourcecode.c.h; path = ViewController.h; sourceTree = "<group>"; };
		69B557001B4A1F44008DA033 /* ViewController.m */ = {isa = PBXFileReference; lastKnownFileType = sourcecode.c.objc; path = ViewController.m; sourceTree = "<group>"; };
		69B557051B4A1F44008DA033 /* Images.xcassets */ = {isa = PBXFileReference; lastKnownFileType = folder.assetcatalog; path = Images.xcassets; sourceTree = "<group>"; };
		69B5570E1B4A1F45008DA033 /* xibSample1.3Tests.xctest */ = {isa = PBXFileReference; explicitFileType = wrapper.cfbundle; includeInIndex = 0; path = xibSample1.3Tests.xctest; sourceTree = BUILT_PRODUCTS_DIR; };
		69B557131B4A1F45008DA033 /* Info.plist */ = {isa = PBXFileReference; lastKnownFileType = text.plist.xml; path = Info.plist; sourceTree = "<group>"; };
		69B557141B4A1F45008DA033 /* xibSample1_3Tests.m */ = {isa = PBXFileReference; lastKnownFileType = sourcecode.c.objc; path = xibSample1_3Tests.m; sourceTree = "<group>"; };
		69B5571E1B4A2031008DA033 /* MixiSampleViewController.h */ = {isa = PBXFileReference; fileEncoding = 4; lastKnownFileType = sourcecode.c.h; path = MixiSampleViewController.h; sourceTree = "<group>"; };
		69B5571F1B4A2031008DA033 /* MixiSampleViewController.m */ = {isa = PBXFileReference; fileEncoding = 4; lastKnownFileType = sourcecode.c.objc; path = MixiSampleViewController.m; sourceTree = "<group>"; };
		69B557201B4A2031008DA033 /* MixiSampleViewController.xib */ = {isa = PBXFileReference; fileEncoding = 4; lastKnownFileType = file.xib; path = MixiSampleViewController.xib; sourceTree = "<group>"; };
/* End PBXFileReference section */

/* Begin PBXFrameworksBuildPhase section */
		69B556F21B4A1F44008DA033 /* Frameworks */ = {
			isa = PBXFrameworksBuildPhase;
			buildActionMask = 2147483647;
			files = (
			);
			runOnlyForDeploymentPostprocessing = 0;
		};
		69B5570B1B4A1F45008DA033 /* Frameworks */ = {
			isa = PBXFrameworksBuildPhase;
			buildActionMask = 2147483647;
			files = (
			);
			runOnlyForDeploymentPostprocessing = 0;
		};
/* End PBXFrameworksBuildPhase section */

/* Begin PBXGroup section */
		69B556EC1B4A1F44008DA033 = {
			isa = PBXGroup;
			children = (
				69B556F71B4A1F44008DA033 /* xibSample1.3 */,
				69B557111B4A1F45008DA033 /* xibSample1.3Tests */,
				69B556F61B4A1F44008DA033 /* Products */,
			);
			sourceTree = "<group>";
		};
		69B556F61B4A1F44008DA033 /* Products */ = {
			isa = PBXGroup;
			children = (
				69B556F51B4A1F44008DA033 /* xibSample1.3.app */,
				69B5570E1B4A1F45008DA033 /* xibSample1.3Tests.xctest */,
			);
			name = Products;
			sourceTree = "<group>";
		};
		69B556F71B4A1F44008DA033 /* xibSample1.3 */ = {
			isa = PBXGroup;
			children = (
				69B556FC1B4A1F44008DA033 /* AppDelegate.h */,
				69B556FD1B4A1F44008DA033 /* AppDelegate.m */,
				69B556FF1B4A1F44008DA033 /* ViewController.h */,
				69B557001B4A1F44008DA033 /* ViewController.m */,
				69B5571E1B4A2031008DA033 /* MixiSampleViewController.h */,
				69B5571F1B4A2031008DA033 /* MixiSampleViewController.m */,
				69B557201B4A2031008DA033 /* MixiSampleViewController.xib */,
				69B557051B4A1F44008DA033 /* Images.xcassets */,
				69B556F81B4A1F44008DA033 /* Supporting Files */,
			);
			path = xibSample1.3;
			sourceTree = "<group>";
		};
		69B556F81B4A1F44008DA033 /* Supporting Files */ = {
			isa = PBXGroup;
			children = (
				69B556F91B4A1F44008DA033 /* Info.plist */,
				69B556FA1B4A1F44008DA033 /* main.m */,
			);
			name = "Supporting Files";
			sourceTree = "<group>";
		};
		69B557111B4A1F45008DA033 /* xibSample1.3Tests */ = {
			isa = PBXGroup;
			children = (
				69B557141B4A1F45008DA033 /* xibSample1_3Tests.m */,
				69B557121B4A1F45008DA033 /* Supporting Files */,
			);
			path = xibSample1.3Tests;
			sourceTree = "<group>";
		};
		69B557121B4A1F45008DA033 /* Supporting Files */ = {
			isa = PBXGroup;
			children = (
				69B557131B4A1F45008DA033 /* Info.plist */,
			);
			name = "Supporting Files";
			sourceTree = "<group>";
		};
/* End PBXGroup section */

/* Begin PBXNativeTarget section */
		69B556F41B4A1F44008DA033 /* xibSample1.3 */ = {
			isa = PBXNativeTarget;
			buildConfigurationList = 69B557181B4A1F45008DA033 /* Build configuration list for PBXNativeTarget "xibSample1.3" */;
			buildPhases = (
				69B556F11B4A1F44008DA033 /* Sources */,
				69B556F21B4A1F44008DA033 /* Frameworks */,
				69B556F31B4A1F44008DA033 /* Resources */,
			);
			buildRules = (
			);
			dependencies = (
			);
			name = xibSample1.3;
			productName = xibSample1.3;
			productReference = 69B556F51B4A1F44008DA033 /* xibSample1.3.app */;
			productType = "com.apple.product-type.application";
		};
		69B5570D1B4A1F45008DA033 /* xibSample1.3Tests */ = {
			isa = PBXNativeTarget;
			buildConfigurationList = 69B5571B1B4A1F45008DA033 /* Build configuration list for PBXNativeTarget "xibSample1.3Tests" */;
			buildPhases = (
				69B5570A1B4A1F45008DA033 /* Sources */,
				69B5570B1B4A1F45008DA033 /* Frameworks */,
				69B5570C1B4A1F45008DA033 /* Resources */,
			);
			buildRules = (
			);
			dependencies = (
				69B557101B4A1F45008DA033 /* PBXTargetDependency */,
			);
			name = xibSample1.3Tests;
			productName = xibSample1.3Tests;
			productReference = 69B5570E1B4A1F45008DA033 /* xibSample1.3Tests.xctest */;
			productType = "com.apple.product-type.bundle.unit-test";
		};
/* End PBXNativeTarget section */

/* Begin PBXProject section */
		69B556ED1B4A1F44008DA033 /* Project object */ = {
			isa = PBXProject;
			attributes = {
				LastUpgradeCheck = 0640;
				ORGANIZATIONNAME = n_ookubo;
				TargetAttributes = {
					69B556F41B4A1F44008DA033 = {
						CreatedOnToolsVersion = 6.4;
					};
					69B5570D1B4A1F45008DA033 = {
						CreatedOnToolsVersion = 6.4;
						TestTargetID = 69B556F41B4A1F44008DA033;
					};
				};
			};
			buildConfigurationList = 69B556F01B4A1F44008DA033 /* Build configuration list for PBXProject "xibSample1.3" */;
			compatibilityVersion = "Xcode 3.2";
			developmentRegion = English;
			hasScannedForEncodings = 0;
			knownRegions = (
				en,
				Base,
			);
			mainGroup = 69B556EC1B4A1F44008DA033;
			productRefGroup = 69B556F61B4A1F44008DA033 /* Products */;
			projectDirPath = "";
			projectRoot = "";
			targets = (
				69B556F41B4A1F44008DA033 /* xibSample1.3 */,
				69B5570D1B4A1F45008DA033 /* xibSample1.3Tests */,
			);
		};
/* End PBXProject section */

/* Begin PBXResourcesBuildPhase section */
		69B556F31B4A1F44008DA033 /* Resources */ = {
			isa = PBXResourcesBuildPhase;
			buildActionMask = 2147483647;
			files = (
				69B557061B4A1F44008DA033 /* Images.xcassets in Resources */,
				69B557221B4A2031008DA033 /* MixiSampleViewController.xib in Resources */,
			);
			runOnlyForDeploymentPostprocessing = 0;
		};
		69B5570C1B4A1F45008DA033 /* Resources */ = {
			isa = PBXResourcesBuildPhase;
			buildActionMask = 2147483647;
			files = (
			);
			runOnlyForDeploymentPostprocessing = 0;
		};
/* End PBXResourcesBuildPhase section */

/* Begin PBXSourcesBuildPhase section */
		69B556F11B4A1F44008DA033 /* Sources */ = {
			isa = PBXSourcesBuildPhase;
			buildActionMask = 2147483647;
			files = (
				69B557011B4A1F44008DA033 /* ViewController.m in Sources */,
				69B557211B4A2031008DA033 /* MixiSampleViewController.m in Sources */,
				69B556FE1B4A1F44008DA033 /* AppDelegate.m in Sources */,
				69B556FB1B4A1F44008DA033 /* main.m in Sources */,
			);
			runOnlyForDeploymentPostprocessing = 0;
		};
		69B5570A1B4A1F45008DA033 /* Sources */ = {
			isa = PBXSourcesBuildPhase;
			buildActionMask = 2147483647;
			files = (
				69B557151B4A1F45008DA033 /* xibSample1_3Tests.m in Sources */,
			);
			runOnlyForDeploymentPostprocessing = 0;
		};
/* End PBXSourcesBuildPhase section */

/* Begin PBXTargetDependency section */
		69B557101B4A1F45008DA033 /* PBXTargetDependency */ = {
			isa = PBXTargetDependency;
			target = 69B556F41B4A1F44008DA033 /* xibSample1.3 */;
			targetProxy = 69B5570F1B4A1F45008DA033 /* PBXContainerItemProxy */;
		};
/* End PBXTargetDependency section */

/* Begin XCBuildConfiguration section */
		69B557161B4A1F45008DA033 /* Debug */ = {
			isa = XCBuildConfiguration;
			buildSettings = {
				ALWAYS_SEARCH_USER_PATHS = NO;
				CLANG_CXX_LANGUAGE_STANDARD = "gnu++0x";
				CLANG_CXX_LIBRARY = "libc++";
				CLANG_ENABLE_MODULES = YES;
				CLANG_ENABLE_OBJC_ARC = YES;
				CLANG_WARN_BOOL_CONVERSION = YES;
				CLANG_WARN_CONSTANT_CONVERSION = YES;
				CLANG_WARN_DIRECT_OBJC_ISA_USAGE = YES_ERROR;
				CLANG_WARN_EMPTY_BODY = YES;
				CLANG_WARN_ENUM_CONVERSION = YES;
				CLANG_WARN_INT_CONVERSION = YES;
				CLANG_WARN_OBJC_ROOT_CLASS = YES_ERROR;
				CLANG_WARN_UNREACHABLE_CODE = YES;
				CLANG_WARN__DUPLICATE_METHOD_MATCH = YES;
				"CODE_SIGN_IDENTITY[sdk=iphoneos*]" = "iPhone Developer";
				COPY_PHASE_STRIP = NO;
				DEBUG_INFORMATION_FORMAT = "dwarf-with-dsym";
				ENABLE_STRICT_OBJC_MSGSEND = YES;
				GCC_C_LANGUAGE_STANDARD = gnu99;
				GCC_DYNAMIC_NO_PIC = NO;
				GCC_NO_COMMON_BLOCKS = YES;
				GCC_OPTIMIZATION_LEVEL = 0;
				GCC_PREPROCESSOR_DEFINITIONS = (
					"DEBUG=1",
					"$(inherited)",
				);
				GCC_SYMBOLS_PRIVATE_EXTERN = NO;
				GCC_WARN_64_TO_32_BIT_CONVERSION = YES;
				GCC_WARN_ABOUT_RETURN_TYPE = YES_ERROR;
				GCC_WARN_UNDECLARED_SELECTOR = YES;
				GCC_WARN_UNINITIALIZED_AUTOS = YES_AGGRESSIVE;
				GCC_WARN_UNUSED_FUNCTION = YES;
				GCC_WARN_UNUSED_VARIABLE = YES;
				IPHONEOS_DEPLOYMENT_TARGET = 8.4;
				MTL_ENABLE_DEBUG_INFO = YES;
				ONLY_ACTIVE_ARCH = YES;
				SDKROOT = iphoneos;
			};
			name = Debug;
		};
		69B557171B4A1F45008DA033 /* Release */ = {
			isa = XCBuildConfiguration;
			buildSettings = {
				ALWAYS_SEARCH_USER_PATHS = NO;
				CLANG_CXX_LANGUAGE_STANDARD = "gnu++0x";
				CLANG_CXX_LIBRARY = "libc++";
				CLANG_ENABLE_MODULES = YES;
				CLANG_ENABLE_OBJC_ARC = YES;
				CLANG_WARN_BOOL_CONVERSION = YES;
				CLANG_WARN_CONSTANT_CONVERSION = YES;
				CLANG_WARN_DIRECT_OBJC_ISA_USAGE = YES_ERROR;
				CLANG_WARN_EMPTY_BODY = YES;
				CLANG_WARN_ENUM_CONVERSION = YES;
				CLANG_WARN_INT_CONVERSION = YES;
				CLANG_WARN_OBJC_ROOT_CLASS = YES_ERROR;
				CLANG_WARN_UNREACHABLE_CODE = YES;
				CLANG_WARN__DUPLICATE_METHOD_MATCH = YES;
				"CODE_SIGN_IDENTITY[sdk=iphoneos*]" = "iPhone Developer";
				COPY_PHASE_STRIP = NO;
				DEBUG_INFORMATION_FORMAT = "dwarf-with-dsym";
				ENABLE_NS_ASSERTIONS = NO;
				ENABLE_STRICT_OBJC_MSGSEND = YES;
				GCC_C_LANGUAGE_STANDARD = gnu99;
				GCC_NO_COMMON_BLOCKS = YES;
				GCC_WARN_64_TO_32_BIT_CONVERSION = YES;
				GCC_WARN_ABOUT_RETURN_TYPE = YES_ERROR;
				GCC_WARN_UNDECLARED_SELECTOR = YES;
				GCC_WARN_UNINITIALIZED_AUTOS = YES_AGGRESSIVE;
				GCC_WARN_UNUSED_FUNCTION = YES;
				GCC_WARN_UNUSED_VARIABLE = YES;
				IPHONEOS_DEPLOYMENT_TARGET = 8.4;
				MTL_ENABLE_DEBUG_INFO = NO;
				SDKROOT = iphoneos;
				VALIDATE_PRODUCT = YES;
			};
			name = Release;
		};
		69B557191B4A1F45008DA033 /* Debug */ = {
			isa = XCBuildConfiguration;
			buildSettings = {
				ASSETCATALOG_COMPILER_APPICON_NAME = AppIcon;
				INFOPLIST_FILE = xibSample1.3/Info.plist;
				LD_RUNPATH_SEARCH_PATHS = "$(inherited) @executable_path/Frameworks";
				PRODUCT_NAME = "$(TARGET_NAME)";
			};
			name = Debug;
		};
		69B5571A1B4A1F45008DA033 /* Release */ = {
			isa = XCBuildConfiguration;
			buildSettings = {
				ASSETCATALOG_COMPILER_APPICON_NAME = AppIcon;
				INFOPLIST_FILE = xibSample1.3/Info.plist;
				LD_RUNPATH_SEARCH_PATHS = "$(inherited) @executable_path/Frameworks";
				PRODUCT_NAME = "$(TARGET_NAME)";
			};
			name = Release;
		};
		69B5571C1B4A1F45008DA033 /* Debug */ = {
			isa = XCBuildConfiguration;
			buildSettings = {
				BUNDLE_LOADER = "$(TEST_HOST)";
				FRAMEWORK_SEARCH_PATHS = (
					"$(SDKROOT)/Developer/Library/Frameworks",
					"$(inherited)",
				);
				GCC_PREPROCESSOR_DEFINITIONS = (
					"DEBUG=1",
					"$(inherited)",
				);
				INFOPLIST_FILE = xibSample1.3Tests/Info.plist;
				LD_RUNPATH_SEARCH_PATHS = "$(inherited) @executable_path/Frameworks @loader_path/Frameworks";
				PRODUCT_NAME = "$(TARGET_NAME)";
				TEST_HOST = "$(BUILT_PRODUCTS_DIR)/xibSample1.3.app/xibSample1.3";
			};
			name = Debug;
		};
		69B5571D1B4A1F45008DA033 /* Release */ = {
			isa = XCBuildConfiguration;
			buildSettings = {
				BUNDLE_LOADER = "$(TEST_HOST)";
				FRAMEWORK_SEARCH_PATHS = (
					"$(SDKROOT)/Developer/Library/Frameworks",
					"$(inherited)",
				);
				INFOPLIST_FILE = xibSample1.3Tests/Info.plist;
				LD_RUNPATH_SEARCH_PATHS = "$(inherited) @executable_path/Frameworks @loader_path/Frameworks";
				PRODUCT_NAME = "$(TARGET_NAME)";
				TEST_HOST = "$(BUILT_PRODUCTS_DIR)/xibSample1.3.app/xibSample1.3";
			};
			name = Release;
		};
/* End XCBuildConfiguration section */

/* Begin XCConfigurationList section */
		69B556F01B4A1F44008DA033 /* Build configuration list for PBXProject "xibSample1.3" */ = {
			isa = XCConfigurationList;
			buildConfigurations = (
				69B557161B4A1F45008DA033 /* Debug */,
				69B557171B4A1F45008DA033 /* Release */,
			);
			defaultConfigurationIsVisible = 0;
			defaultConfigurationName = Release;
		};
		69B557181B4A1F45008DA033 /* Build configuration list for PBXNativeTarget "xibSample1.3" */ = {
			isa = XCConfigurationList;
			buildConfigurations = (
				69B557191B4A1F45008DA033 /* Debug */,
				69B5571A1B4A1F45008DA033 /* Release */,
			);
			defaultConfigurationIsVisible = 0;
		};
		69B5571B1B4A1F45008DA033 /* Build configuration list for PBXNativeTarget "xibSample1.3Tests" */ = {
			isa = XCConfigurationList;
			buildConfigurations = (
				69B5571C1B4A1F45008DA033 /* Debug */,
				69B5571D1B4A1F45008DA033 /* Release */,
			);
			defaultConfigurationIsVisible = 0;
		};
/* End XCConfigurationList section */
	};
	rootObject = 69B556ED1B4A1F44008DA033 /* Project object */;
}
