// !$*UTF8*$!
{
	archiveVersion = 1;
	classes = {
	};
	objectVersion = 46;
	objects = {

/* Begin PBXBuildFile section */
		69E03D711B4FA8C500BB6532 /* main.m in Sources */ = {isa = PBXBuildFile; fileRef = 69E03D701B4FA8C500BB6532 /* main.m */; };
		69E03D741B4FA8C500BB6532 /* AppDelegate.m in Sources */ = {isa = PBXBuildFile; fileRef = 69E03D731B4FA8C500BB6532 /* AppDelegate.m */; };
		69E03D771B4FA8C500BB6532 /* ViewController.m in Sources */ = {isa = PBXBuildFile; fileRef = 69E03D761B4FA8C500BB6532 /* ViewController.m */; };
		69E03D7A1B4FA8C500BB6532 /* Main.storyboard in Resources */ = {isa = PBXBuildFile; fileRef = 69E03D781B4FA8C500BB6532 /* Main.storyboard */; };
		69E03D7C1B4FA8C500BB6532 /* Images.xcassets in Resources */ = {isa = PBXBuildFile; fileRef = 69E03D7B1B4FA8C500BB6532 /* Images.xcassets */; };
		69E03D7F1B4FA8C500BB6532 /* LaunchScreen.xib in Resources */ = {isa = PBXBuildFile; fileRef = 69E03D7D1B4FA8C500BB6532 /* LaunchScreen.xib */; };
		69E03D8B1B4FA8C500BB6532 /* CustomUIViewSampleTests.m in Sources */ = {isa = PBXBuildFile; fileRef = 69E03D8A1B4FA8C500BB6532 /* CustomUIViewSampleTests.m */; };
		69E03D961B4FA8E500BB6532 /* MyView.m in Sources */ = {isa = PBXBuildFile; fileRef = 69E03D951B4FA8E500BB6532 /* MyView.m */; };
		69E03D991B4FAC8C00BB6532 /* MyXibView.m in Sources */ = {isa = PBXBuildFile; fileRef = 69E03D981B4FAC8C00BB6532 /* MyXibView.m */; };
		69E03D9B1B4FACA200BB6532 /* MyXibView.xib in Resources */ = {isa = PBXBuildFile; fileRef = 69E03D9A1B4FACA200BB6532 /* MyXibView.xib */; };
/* End PBXBuildFile section */

/* Begin PBXContainerItemProxy section */
		69E03D851B4FA8C500BB6532 /* PBXContainerItemProxy */ = {
			isa = PBXContainerItemProxy;
			containerPortal = 69E03D631B4FA8C500BB6532 /* Project object */;
			proxyType = 1;
			remoteGlobalIDString = 69E03D6A1B4FA8C500BB6532;
			remoteInfo = CustomUIViewSample;
		};
/* End PBXContainerItemProxy section */

/* Begin PBXFileReference section */
		69E03D6B1B4FA8C500BB6532 /* CustomUIViewSample.app */ = {isa = PBXFileReference; explicitFileType = wrapper.application; includeInIndex = 0; path = CustomUIViewSample.app; sourceTree = BUILT_PRODUCTS_DIR; };
		69E03D6F1B4FA8C500BB6532 /* Info.plist */ = {isa = PBXFileReference; lastKnownFileType = text.plist.xml; path = Info.plist; sourceTree = "<group>"; };
		69E03D701B4FA8C500BB6532 /* main.m */ = {isa = PBXFileReference; lastKnownFileType = sourcecode.c.objc; path = main.m; sourceTree = "<group>"; };
		69E03D721B4FA8C500BB6532 /* AppDelegate.h */ = {isa = PBXFileReference; lastKnownFileType = sourcecode.c.h; path = AppDelegate.h; sourceTree = "<group>"; };
		69E03D731B4FA8C500BB6532 /* AppDelegate.m */ = {isa = PBXFileReference; lastKnownFileType = sourcecode.c.objc; path = AppDelegate.m; sourceTree = "<group>"; };
		69E03D751B4FA8C500BB6532 /* ViewController.h */ = {isa = PBXFileReference; lastKnownFileType = sourcecode.c.h; path = ViewController.h; sourceTree = "<group>"; };
		69E03D761B4FA8C500BB6532 /* ViewController.m */ = {isa = PBXFileReference; lastKnownFileType = sourcecode.c.objc; path = ViewController.m; sourceTree = "<group>"; };
		69E03D791B4FA8C500BB6532 /* Base */ = {isa = PBXFileReference; lastKnownFileType = file.storyboard; name = Base; path = Base.lproj/Main.storyboard; sourceTree = "<group>"; };
		69E03D7B1B4FA8C500BB6532 /* Images.xcassets */ = {isa = PBXFileReference; lastKnownFileType = folder.assetcatalog; path = Images.xcassets; sourceTree = "<group>"; };
		69E03D7E1B4FA8C500BB6532 /* Base */ = {isa = PBXFileReference; lastKnownFileType = file.xib; name = Base; path = Base.lproj/LaunchScreen.xib; sourceTree = "<group>"; };
		69E03D841B4FA8C500BB6532 /* CustomUIViewSampleTests.xctest */ = {isa = PBXFileReference; explicitFileType = wrapper.cfbundle; includeInIndex = 0; path = CustomUIViewSampleTests.xctest; sourceTree = BUILT_PRODUCTS_DIR; };
		69E03D891B4FA8C500BB6532 /* Info.plist */ = {isa = PBXFileReference; lastKnownFileType = text.plist.xml; path = Info.plist; sourceTree = "<group>"; };
		69E03D8A1B4FA8C500BB6532 /* CustomUIViewSampleTests.m */ = {isa = PBXFileReference; lastKnownFileType = sourcecode.c.objc; path = CustomUIViewSampleTests.m; sourceTree = "<group>"; };
		69E03D941B4FA8E500BB6532 /* MyView.h */ = {isa = PBXFileReference; fileEncoding = 4; lastKnownFileType = sourcecode.c.h; path = MyView.h; sourceTree = "<group>"; };
		69E03D951B4FA8E500BB6532 /* MyView.m */ = {isa = PBXFileReference; fileEncoding = 4; lastKnownFileType = sourcecode.c.objc; path = MyView.m; sourceTree = "<group>"; };
		69E03D971B4FAC8C00BB6532 /* MyXibView.h */ = {isa = PBXFileReference; fileEncoding = 4; lastKnownFileType = sourcecode.c.h; path = MyXibView.h; sourceTree = "<group>"; };
		69E03D981B4FAC8C00BB6532 /* MyXibView.m */ = {isa = PBXFileReference; fileEncoding = 4; lastKnownFileType = sourcecode.c.objc; path = MyXibView.m; sourceTree = "<group>"; };
		69E03D9A1B4FACA200BB6532 /* MyXibView.xib */ = {isa = PBXFileReference; fileEncoding = 4; lastKnownFileType = file.xib; path = MyXibView.xib; sourceTree = "<group>"; };
/* End PBXFileReference section */

/* Begin PBXFrameworksBuildPhase section */
		69E03D681B4FA8C500BB6532 /* Frameworks */ = {
			isa = PBXFrameworksBuildPhase;
			buildActionMask = 2147483647;
			files = (
			);
			runOnlyForDeploymentPostprocessing = 0;
		};
		69E03D811B4FA8C500BB6532 /* Frameworks */ = {
			isa = PBXFrameworksBuildPhase;
			buildActionMask = 2147483647;
			files = (
			);
			runOnlyForDeploymentPostprocessing = 0;
		};
/* End PBXFrameworksBuildPhase section */

/* Begin PBXGroup section */
		69E03D621B4FA8C500BB6532 = {
			isa = PBXGroup;
			children = (
				69E03D6D1B4FA8C500BB6532 /* CustomUIViewSample */,
				69E03D871B4FA8C500BB6532 /* CustomUIViewSampleTests */,
				69E03D6C1B4FA8C500BB6532 /* Products */,
			);
			sourceTree = "<group>";
		};
		69E03D6C1B4FA8C500BB6532 /* Products */ = {
			isa = PBXGroup;
			children = (
				69E03D6B1B4FA8C500BB6532 /* CustomUIViewSample.app */,
				69E03D841B4FA8C500BB6532 /* CustomUIViewSampleTests.xctest */,
			);
			name = Products;
			sourceTree = "<group>";
		};
		69E03D6D1B4FA8C500BB6532 /* CustomUIViewSample */ = {
			isa = PBXGroup;
			children = (
				69E03D721B4FA8C500BB6532 /* AppDelegate.h */,
				69E03D731B4FA8C500BB6532 /* AppDelegate.m */,
				69E03D751B4FA8C500BB6532 /* ViewController.h */,
				69E03D761B4FA8C500BB6532 /* ViewController.m */,
				69E03D781B4FA8C500BB6532 /* Main.storyboard */,
				69E03D7B1B4FA8C500BB6532 /* Images.xcassets */,
				69E03D7D1B4FA8C500BB6532 /* LaunchScreen.xib */,
				69E03D6E1B4FA8C500BB6532 /* Supporting Files */,
				69E03D941B4FA8E500BB6532 /* MyView.h */,
				69E03D951B4FA8E500BB6532 /* MyView.m */,
				69E03D971B4FAC8C00BB6532 /* MyXibView.h */,
				69E03D981B4FAC8C00BB6532 /* MyXibView.m */,
				69E03D9A1B4FACA200BB6532 /* MyXibView.xib */,
			);
			path = CustomUIViewSample;
			sourceTree = "<group>";
		};
		69E03D6E1B4FA8C500BB6532 /* Supporting Files */ = {
			isa = PBXGroup;
			children = (
				69E03D6F1B4FA8C500BB6532 /* Info.plist */,
				69E03D701B4FA8C500BB6532 /* main.m */,
			);
			name = "Supporting Files";
			sourceTree = "<group>";
		};
		69E03D871B4FA8C500BB6532 /* CustomUIViewSampleTests */ = {
			isa = PBXGroup;
			children = (
				69E03D8A1B4FA8C500BB6532 /* CustomUIViewSampleTests.m */,
				69E03D881B4FA8C500BB6532 /* Supporting Files */,
			);
			path = CustomUIViewSampleTests;
			sourceTree = "<group>";
		};
		69E03D881B4FA8C500BB6532 /* Supporting Files */ = {
			isa = PBXGroup;
			children = (
				69E03D891B4FA8C500BB6532 /* Info.plist */,
			);
			name = "Supporting Files";
			sourceTree = "<group>";
		};
/* End PBXGroup section */

/* Begin PBXNativeTarget section */
		69E03D6A1B4FA8C500BB6532 /* CustomUIViewSample */ = {
			isa = PBXNativeTarget;
			buildConfigurationList = 69E03D8E1B4FA8C500BB6532 /* Build configuration list for PBXNativeTarget "CustomUIViewSample" */;
			buildPhases = (
				69E03D671B4FA8C500BB6532 /* Sources */,
				69E03D681B4FA8C500BB6532 /* Frameworks */,
				69E03D691B4FA8C500BB6532 /* Resources */,
			);
			buildRules = (
			);
			dependencies = (
			);
			name = CustomUIViewSample;
			productName = CustomUIViewSample;
			productReference = 69E03D6B1B4FA8C500BB6532 /* CustomUIViewSample.app */;
			productType = "com.apple.product-type.application";
		};
		69E03D831B4FA8C500BB6532 /* CustomUIViewSampleTests */ = {
			isa = PBXNativeTarget;
			buildConfigurationList = 69E03D911B4FA8C500BB6532 /* Build configuration list for PBXNativeTarget "CustomUIViewSampleTests" */;
			buildPhases = (
				69E03D801B4FA8C500BB6532 /* Sources */,
				69E03D811B4FA8C500BB6532 /* Frameworks */,
				69E03D821B4FA8C500BB6532 /* Resources */,
			);
			buildRules = (
			);
			dependencies = (
				69E03D861B4FA8C500BB6532 /* PBXTargetDependency */,
			);
			name = CustomUIViewSampleTests;
			productName = CustomUIViewSampleTests;
			productReference = 69E03D841B4FA8C500BB6532 /* CustomUIViewSampleTests.xctest */;
			productType = "com.apple.product-type.bundle.unit-test";
		};
/* End PBXNativeTarget section */

/* Begin PBXProject section */
		69E03D631B4FA8C500BB6532 /* Project object */ = {
			isa = PBXProject;
			attributes = {
				LastUpgradeCheck = 0640;
				ORGANIZATIONNAME = "大久保直昭";
				TargetAttributes = {
					69E03D6A1B4FA8C500BB6532 = {
						CreatedOnToolsVersion = 6.4;
					};
					69E03D831B4FA8C500BB6532 = {
						CreatedOnToolsVersion = 6.4;
						TestTargetID = 69E03D6A1B4FA8C500BB6532;
					};
				};
			};
			buildConfigurationList = 69E03D661B4FA8C500BB6532 /* Build configuration list for PBXProject "CustomUIViewSample" */;
			compatibilityVersion = "Xcode 3.2";
			developmentRegion = English;
			hasScannedForEncodings = 0;
			knownRegions = (
				en,
				Base,
			);
			mainGroup = 69E03D621B4FA8C500BB6532;
			productRefGroup = 69E03D6C1B4FA8C500BB6532 /* Products */;
			projectDirPath = "";
			projectRoot = "";
			targets = (
				69E03D6A1B4FA8C500BB6532 /* CustomUIViewSample */,
				69E03D831B4FA8C500BB6532 /* CustomUIViewSampleTests */,
			);
		};
/* End PBXProject section */

/* Begin PBXResourcesBuildPhase section */
		69E03D691B4FA8C500BB6532 /* Resources */ = {
			isa = PBXResourcesBuildPhase;
			buildActionMask = 2147483647;
			files = (
				69E03D7A1B4FA8C500BB6532 /* Main.storyboard in Resources */,
				69E03D7F1B4FA8C500BB6532 /* LaunchScreen.xib in Resources */,
				69E03D9B1B4FACA200BB6532 /* MyXibView.xib in Resources */,
				69E03D7C1B4FA8C500BB6532 /* Images.xcassets in Resources */,
			);
			runOnlyForDeploymentPostprocessing = 0;
		};
		69E03D821B4FA8C500BB6532 /* Resources */ = {
			isa = PBXResourcesBuildPhase;
			buildActionMask = 2147483647;
			files = (
			);
			runOnlyForDeploymentPostprocessing = 0;
		};
/* End PBXResourcesBuildPhase section */

/* Begin PBXSourcesBuildPhase section */
		69E03D671B4FA8C500BB6532 /* Sources */ = {
			isa = PBXSourcesBuildPhase;
			buildActionMask = 2147483647;
			files = (
				69E03D991B4FAC8C00BB6532 /* MyXibView.m in Sources */,
				69E03D961B4FA8E500BB6532 /* MyView.m in Sources */,
				69E03D771B4FA8C500BB6532 /* ViewController.m in Sources */,
				69E03D741B4FA8C500BB6532 /* AppDelegate.m in Sources */,
				69E03D711B4FA8C500BB6532 /* main.m in Sources */,
			);
			runOnlyForDeploymentPostprocessing = 0;
		};
		69E03D801B4FA8C500BB6532 /* Sources */ = {
			isa = PBXSourcesBuildPhase;
			buildActionMask = 2147483647;
			files = (
				69E03D8B1B4FA8C500BB6532 /* CustomUIViewSampleTests.m in Sources */,
			);
			runOnlyForDeploymentPostprocessing = 0;
		};
/* End PBXSourcesBuildPhase section */

/* Begin PBXTargetDependency section */
		69E03D861B4FA8C500BB6532 /* PBXTargetDependency */ = {
			isa = PBXTargetDependency;
			target = 69E03D6A1B4FA8C500BB6532 /* CustomUIViewSample */;
			targetProxy = 69E03D851B4FA8C500BB6532 /* PBXContainerItemProxy */;
		};
/* End PBXTargetDependency section */

/* Begin PBXVariantGroup section */
		69E03D781B4FA8C500BB6532 /* Main.storyboard */ = {
			isa = PBXVariantGroup;
			children = (
				69E03D791B4FA8C500BB6532 /* Base */,
			);
			name = Main.storyboard;
			sourceTree = "<group>";
		};
		69E03D7D1B4FA8C500BB6532 /* LaunchScreen.xib */ = {
			isa = PBXVariantGroup;
			children = (
				69E03D7E1B4FA8C500BB6532 /* Base */,
			);
			name = LaunchScreen.xib;
			sourceTree = "<group>";
		};
/* End PBXVariantGroup section */

/* Begin XCBuildConfiguration section */
		69E03D8C1B4FA8C500BB6532 /* Debug */ = {
			isa = XCBuildConfiguration;
			buildSettings = {
				ALWAYS_SEARCH_USER_PATHS = NO;
				CLANG_CXX_LANGUAGE_STANDARD = "gnu++0x";
				CLANG_CXX_LIBRARY = "libc++";
				CLANG_ENABLE_MODULES = YES;
				CLANG_ENABLE_OBJC_ARC = YES;
				CLANG_WARN_BOOL_CONVERSION = YES;
				CLANG_WARN_CONSTANT_CONVERSION = YES;
				CLANG_WARN_DIRECT_OBJC_ISA_USAGE = YES_ERROR;
				CLANG_WARN_EMPTY_BODY = YES;
				CLANG_WARN_ENUM_CONVERSION = YES;
				CLANG_WARN_INT_CONVERSION = YES;
				CLANG_WARN_OBJC_ROOT_CLASS = YES_ERROR;
				CLANG_WARN_UNREACHABLE_CODE = YES;
				CLANG_WARN__DUPLICATE_METHOD_MATCH = YES;
				"CODE_SIGN_IDENTITY[sdk=iphoneos*]" = "iPhone Developer";
				COPY_PHASE_STRIP = NO;
				DEBUG_INFORMATION_FORMAT = "dwarf-with-dsym";
				ENABLE_STRICT_OBJC_MSGSEND = YES;
				GCC_C_LANGUAGE_STANDARD = gnu99;
				GCC_DYNAMIC_NO_PIC = NO;
				GCC_NO_COMMON_BLOCKS = YES;
				GCC_OPTIMIZATION_LEVEL = 0;
				GCC_PREPROCESSOR_DEFINITIONS = (
					"DEBUG=1",
					"$(inherited)",
				);
				GCC_SYMBOLS_PRIVATE_EXTERN = NO;
				GCC_WARN_64_TO_32_BIT_CONVERSION = YES;
				GCC_WARN_ABOUT_RETURN_TYPE = YES_ERROR;
				GCC_WARN_UNDECLARED_SELECTOR = YES;
				GCC_WARN_UNINITIALIZED_AUTOS = YES_AGGRESSIVE;
				GCC_WARN_UNUSED_FUNCTION = YES;
				GCC_WARN_UNUSED_VARIABLE = YES;
				IPHONEOS_DEPLOYMENT_TARGET = 8.4;
				MTL_ENABLE_DEBUG_INFO = YES;
				ONLY_ACTIVE_ARCH = YES;
				SDKROOT = iphoneos;
			};
			name = Debug;
		};
		69E03D8D1B4FA8C500BB6532 /* Release */ = {
			isa = XCBuildConfiguration;
			buildSettings = {
				ALWAYS_SEARCH_USER_PATHS = NO;
				CLANG_CXX_LANGUAGE_STANDARD = "gnu++0x";
				CLANG_CXX_LIBRARY = "libc++";
				CLANG_ENABLE_MODULES = YES;
				CLANG_ENABLE_OBJC_ARC = YES;
				CLANG_WARN_BOOL_CONVERSION = YES;
				CLANG_WARN_CONSTANT_CONVERSION = YES;
				CLANG_WARN_DIRECT_OBJC_ISA_USAGE = YES_ERROR;
				CLANG_WARN_EMPTY_BODY = YES;
				CLANG_WARN_ENUM_CONVERSION = YES;
				CLANG_WARN_INT_CONVERSION = YES;
				CLANG_WARN_OBJC_ROOT_CLASS = YES_ERROR;
				CLANG_WARN_UNREACHABLE_CODE = YES;
				CLANG_WARN__DUPLICATE_METHOD_MATCH = YES;
				"CODE_SIGN_IDENTITY[sdk=iphoneos*]" = "iPhone Developer";
				COPY_PHASE_STRIP = NO;
				DEBUG_INFORMATION_FORMAT = "dwarf-with-dsym";
				ENABLE_NS_ASSERTIONS = NO;
				ENABLE_STRICT_OBJC_MSGSEND = YES;
				GCC_C_LANGUAGE_STANDARD = gnu99;
				GCC_NO_COMMON_BLOCKS = YES;
				GCC_WARN_64_TO_32_BIT_CONVERSION = YES;
				GCC_WARN_ABOUT_RETURN_TYPE = YES_ERROR;
				GCC_WARN_UNDECLARED_SELECTOR = YES;
				GCC_WARN_UNINITIALIZED_AUTOS = YES_AGGRESSIVE;
				GCC_WARN_UNUSED_FUNCTION = YES;
				GCC_WARN_UNUSED_VARIABLE = YES;
				IPHONEOS_DEPLOYMENT_TARGET = 8.4;
				MTL_ENABLE_DEBUG_INFO = NO;
				SDKROOT = iphoneos;
				VALIDATE_PRODUCT = YES;
			};
			name = Release;
		};
		69E03D8F1B4FA8C500BB6532 /* Debug */ = {
			isa = XCBuildConfiguration;
			buildSettings = {
				ASSETCATALOG_COMPILER_APPICON_NAME = AppIcon;
				INFOPLIST_FILE = CustomUIViewSample/Info.plist;
				LD_RUNPATH_SEARCH_PATHS = "$(inherited) @executable_path/Frameworks";
				PRODUCT_NAME = "$(TARGET_NAME)";
			};
			name = Debug;
		};
		69E03D901B4FA8C500BB6532 /* Release */ = {
			isa = XCBuildConfiguration;
			buildSettings = {
				ASSETCATALOG_COMPILER_APPICON_NAME = AppIcon;
				INFOPLIST_FILE = CustomUIViewSample/Info.plist;
				LD_RUNPATH_SEARCH_PATHS = "$(inherited) @executable_path/Frameworks";
				PRODUCT_NAME = "$(TARGET_NAME)";
			};
			name = Release;
		};
		69E03D921B4FA8C500BB6532 /* Debug */ = {
			isa = XCBuildConfiguration;
			buildSettings = {
				BUNDLE_LOADER = "$(TEST_HOST)";
				FRAMEWORK_SEARCH_PATHS = (
					"$(SDKROOT)/Developer/Library/Frameworks",
					"$(inherited)",
				);
				GCC_PREPROCESSOR_DEFINITIONS = (
					"DEBUG=1",
					"$(inherited)",
				);
				INFOPLIST_FILE = CustomUIViewSampleTests/Info.plist;
				LD_RUNPATH_SEARCH_PATHS = "$(inherited) @executable_path/Frameworks @loader_path/Frameworks";
				PRODUCT_NAME = "$(TARGET_NAME)";
				TEST_HOST = "$(BUILT_PRODUCTS_DIR)/CustomUIViewSample.app/CustomUIViewSample";
			};
			name = Debug;
		};
		69E03D931B4FA8C500BB6532 /* Release */ = {
			isa = XCBuildConfiguration;
			buildSettings = {
				BUNDLE_LOADER = "$(TEST_HOST)";
				FRAMEWORK_SEARCH_PATHS = (
					"$(SDKROOT)/Developer/Library/Frameworks",
					"$(inherited)",
				);
				INFOPLIST_FILE = CustomUIViewSampleTests/Info.plist;
				LD_RUNPATH_SEARCH_PATHS = "$(inherited) @executable_path/Frameworks @loader_path/Frameworks";
				PRODUCT_NAME = "$(TARGET_NAME)";
				TEST_HOST = "$(BUILT_PRODUCTS_DIR)/CustomUIViewSample.app/CustomUIViewSample";
			};
			name = Release;
		};
/* End XCBuildConfiguration section */

/* Begin XCConfigurationList section */
		69E03D661B4FA8C500BB6532 /* Build configuration list for PBXProject "CustomUIViewSample" */ = {
			isa = XCConfigurationList;
			buildConfigurations = (
				69E03D8C1B4FA8C500BB6532 /* Debug */,
				69E03D8D1B4FA8C500BB6532 /* Release */,
			);
			defaultConfigurationIsVisible = 0;
			defaultConfigurationName = Release;
		};
		69E03D8E1B4FA8C500BB6532 /* Build configuration list for PBXNativeTarget "CustomUIViewSample" */ = {
			isa = XCConfigurationList;
			buildConfigurations = (
				69E03D8F1B4FA8C500BB6532 /* Debug */,
				69E03D901B4FA8C500BB6532 /* Release */,
			);
			defaultConfigurationIsVisible = 0;
		};
		69E03D911B4FA8C500BB6532 /* Build configuration list for PBXNativeTarget "CustomUIViewSampleTests" */ = {
			isa = XCConfigurationList;
			buildConfigurations = (
				69E03D921B4FA8C500BB6532 /* Debug */,
				69E03D931B4FA8C500BB6532 /* Release */,
			);
			defaultConfigurationIsVisible = 0;
		};
/* End XCConfigurationList section */
	};
	rootObject = 69E03D631B4FA8C500BB6532 /* Project object */;
}
